lockfileVersion: '9.0'

settings:
  autoInstallPeers: true
  excludeLinksFromLockfile: false

catalogs:
  default:
    vue:
      specifier: https://pkg.pr.new/vue@e1bc0eb02e22bc0c236e1471c11d96a368764b72
      version: 3.5.13

importers:

  test-workspace:
    devDependencies:
      typescript:
        specifier: latest
        version: 5.9.3
      vue:
        specifier: 'catalog:'
        version: https://pkg.pr.new/vue@e1bc0eb02e22bc0c236e1471c11d96a368764b72(typescript@5.9.3)
      vue-component-type-helpers:
        specifier: 3.2.1
        version: 3.2.1

packages:

  '@babel/helper-string-parser@7.27.1':
    resolution: {integrity: sha512-qMlSxKbpRlAridDExk92nSobyDdpPijUq2DW6oDnUqd0iOGxmQjyqhMIihI9+zv4LPyZdRje2cavWPbCbWm3eA==}
    engines: {node: '>=6.9.0'}

  '@babel/helper-validator-identifier@7.28.5':
    resolution: {integrity: sha512-qSs4ifwzKJSV39ucNjsvc6WVHs6b7S03sOh2OcHF9UHfVPqWWALUsNUVzhSBiItjRZoLHx7nIarVjqKVusUZ1Q==}
    engines: {node: '>=6.9.0'}

  '@babel/parser@7.28.5':
    resolution: {integrity: sha512-KKBU1VGYR7ORr3At5HAtUQ+TV3SzRCXmA/8OdDZiLDBIZxVyzXuztPjfLd3BV1PRAQGCMWWSHYhL0F8d5uHBDQ==}
    engines: {node: '>=6.0.0'}
    hasBin: true

  '@babel/types@7.28.5':
    resolution: {integrity: sha512-qQ5m48eI/MFLQ5PxQj4PFaprjyCTLI37ElWMmNs0K8Lk3dVeOdNpB3ks8jc7yM5CDmVC73eMVk/trk3fgmrUpA==}
    engines: {node: '>=6.9.0'}

  '@jridgewell/sourcemap-codec@1.5.5':
    resolution: {integrity: sha512-cYQ9310grqxueWbl+WuIUIaiUaDcj7WOq5fVhEljNVgRfOUhY9fy2zTvfoqWsnebh8Sl70VScFbICvJnLKB0Og==}

  '@vue/compiler-core@https://pkg.pr.new/vuejs/core/@vue/compiler-core@e1bc0eb02e22bc0c236e1471c11d96a368764b72':
    resolution: {tarball: https://pkg.pr.new/vuejs/core/@vue/compiler-core@e1bc0eb02e22bc0c236e1471c11d96a368764b72}
    version: 3.5.13

  '@vue/compiler-dom@https://pkg.pr.new/vuejs/core/@vue/compiler-dom@e1bc0eb02e22bc0c236e1471c11d96a368764b72':
    resolution: {tarball: https://pkg.pr.new/vuejs/core/@vue/compiler-dom@e1bc0eb02e22bc0c236e1471c11d96a368764b72}
    version: 3.5.13

  '@vue/compiler-sfc@https://pkg.pr.new/vuejs/core/@vue/compiler-sfc@e1bc0eb02e22bc0c236e1471c11d96a368764b72':
    resolution: {tarball: https://pkg.pr.new/vuejs/core/@vue/compiler-sfc@e1bc0eb02e22bc0c236e1471c11d96a368764b72}
    version: 3.5.13

  '@vue/compiler-ssr@https://pkg.pr.new/vuejs/core/@vue/compiler-ssr@e1bc0eb02e22bc0c236e1471c11d96a368764b72':
    resolution: {tarball: https://pkg.pr.new/vuejs/core/@vue/compiler-ssr@e1bc0eb02e22bc0c236e1471c11d96a368764b72}
    version: 3.5.13

  '@vue/reactivity@https://pkg.pr.new/vuejs/core/@vue/reactivity@e1bc0eb02e22bc0c236e1471c11d96a368764b72':
    resolution: {tarball: https://pkg.pr.new/vuejs/core/@vue/reactivity@e1bc0eb02e22bc0c236e1471c11d96a368764b72}
    version: 3.5.13

  '@vue/runtime-core@https://pkg.pr.new/vuejs/core/@vue/runtime-core@e1bc0eb02e22bc0c236e1471c11d96a368764b72':
    resolution: {tarball: https://pkg.pr.new/vuejs/core/@vue/runtime-core@e1bc0eb02e22bc0c236e1471c11d96a368764b72}
    version: 3.5.13

  '@vue/runtime-dom@https://pkg.pr.new/vuejs/core/@vue/runtime-dom@e1bc0eb02e22bc0c236e1471c11d96a368764b72':
    resolution: {tarball: https://pkg.pr.new/vuejs/core/@vue/runtime-dom@e1bc0eb02e22bc0c236e1471c11d96a368764b72}
    version: 3.5.13

  '@vue/server-renderer@https://pkg.pr.new/vuejs/core/@vue/server-renderer@e1bc0eb02e22bc0c236e1471c11d96a368764b72':
    resolution: {tarball: https://pkg.pr.new/vuejs/core/@vue/server-renderer@e1bc0eb02e22bc0c236e1471c11d96a368764b72}
    version: 3.5.13
    peerDependencies:
      vue: 3.5.13

  '@vue/shared@https://pkg.pr.new/vuejs/core/@vue/shared@e1bc0eb02e22bc0c236e1471c11d96a368764b72':
    resolution: {tarball: https://pkg.pr.new/vuejs/core/@vue/shared@e1bc0eb02e22bc0c236e1471c11d96a368764b72}
    version: 3.5.13

  csstype@3.2.3:
    resolution: {integrity: sha512-z1HGKcYy2xA8AGQfwrn0PAy+PB7X/GSj3UVJW9qKyn43xWa+gl5nXmU4qqLMRzWVLFC8KusUX8T/0kCiOYpAIQ==}

  entities@4.5.0:
    resolution: {integrity: sha512-V0hjH4dGPh9Ao5p0MoRY6BVqtwCjhz6vI5LT8AJ55H+4g9/4vbHx1I54fS0XuclLhDHArPQCiMjDxjaL8fPxhw==}
    engines: {node: '>=0.12'}

  estree-walker@2.0.2:
    resolution: {integrity: sha512-Rfkk/Mp/DL7JVje3u18FxFujQlTNR2q6QfMSMB7AvCBx91NGj/ba3kCfza0f6dVDbw7YlRf/nDrn7pQrCCyQ/w==}

  magic-string@0.30.21:
    resolution: {integrity: sha512-vd2F4YUyEXKGcLHoq+TEyCjxueSeHnFxyyjNp80yg0XV4vUhnDer/lvvlqM/arB5bXQN5K2/3oinyCRyx8T2CQ==}

  nanoid@3.3.11:
    resolution: {integrity: sha512-N8SpfPUnUp1bK+PMYW8qSWdl9U+wwNWI4QKxOYDy9JAro3WMX7p2OeVRF9v+347pnakNevPmiHhNmZ2HbFA76w==}
    engines: {node: ^10 || ^12 || ^13.7 || ^14 || >=15.0.1}
    hasBin: true

  picocolors@1.1.1:
    resolution: {integrity: sha512-xceH2snhtb5M9liqDsmEw56le376mTZkEX/jEb/RxNFyegNul7eNslCXP9FDj/Lcu0X8KEyMceP2ntpaHrDEVA==}

  postcss@8.5.6:
    resolution: {integrity: sha512-3Ybi1tAuwAP9s0r1UQ2J4n5Y0G05bJkpUIO0/bI9MhwmD70S5aTWbXGBwxHrelT+XM1k6dM0pk+SwNkpTRN7Pg==}
    engines: {node: ^10 || ^12 || >=14}

  source-map-js@1.2.1:
    resolution: {integrity: sha512-UXWMKhLOwVKb728IUtQPXxfYU+usdybtUrK/8uGE8CQMvrhOpwvzDBwj0QhSL7MQc7vIsISBG8VQ8+IDQxpfQA==}
    engines: {node: '>=0.10.0'}

  typescript@5.9.3:
    resolution: {integrity: sha512-jl1vZzPDinLr9eUt3J/t7V6FgNEw9QjvBPdysz9KfQDD41fQrC2Y4vKQdiaUpFT4bXlb1RHhLpp8wtm6M5TgSw==}
    engines: {node: '>=14.17'}
    hasBin: true

  vue-component-type-helpers@3.2.1:
    resolution: {integrity: sha512-gKV7XOkQl4urSuLHNY1tnVQf7wVgtb/mKbRyxSLWGZUY9RK7aDPhBenTjm+i8ZFe0zC2PZeHMPtOZXZfyaFOzQ==}

  vue@https://pkg.pr.new/vue@e1bc0eb02e22bc0c236e1471c11d96a368764b72:
    resolution: {tarball: https://pkg.pr.new/vue@e1bc0eb02e22bc0c236e1471c11d96a368764b72}
    version: 3.5.13
    peerDependencies:
      typescript: '*'
    peerDependenciesMeta:
      typescript:
        optional: true

snapshots:

  '@babel/helper-string-parser@7.27.1': {}

  '@babel/helper-validator-identifier@7.28.5': {}

  '@babel/parser@7.28.5':
    dependencies:
      '@babel/types': 7.28.5

  '@babel/types@7.28.5':
    dependencies:
      '@babel/helper-string-parser': 7.27.1
      '@babel/helper-validator-identifier': 7.28.5

  '@jridgewell/sourcemap-codec@1.5.5': {}

  '@vue/compiler-core@https://pkg.pr.new/vuejs/core/@vue/compiler-core@e1bc0eb02e22bc0c236e1471c11d96a368764b72':
    dependencies:
      '@babel/parser': 7.28.5
      '@vue/shared': https://pkg.pr.new/vuejs/core/@vue/shared@e1bc0eb02e22bc0c236e1471c11d96a368764b72
      entities: 4.5.0
      estree-walker: 2.0.2
      source-map-js: 1.2.1

  '@vue/compiler-dom@https://pkg.pr.new/vuejs/core/@vue/compiler-dom@e1bc0eb02e22bc0c236e1471c11d96a368764b72':
    dependencies:
      '@vue/compiler-core': https://pkg.pr.new/vuejs/core/@vue/compiler-core@e1bc0eb02e22bc0c236e1471c11d96a368764b72
      '@vue/shared': https://pkg.pr.new/vuejs/core/@vue/shared@e1bc0eb02e22bc0c236e1471c11d96a368764b72

  '@vue/compiler-sfc@https://pkg.pr.new/vuejs/core/@vue/compiler-sfc@e1bc0eb02e22bc0c236e1471c11d96a368764b72':
    dependencies:
      '@babel/parser': 7.28.5
      '@vue/compiler-core': https://pkg.pr.new/vuejs/core/@vue/compiler-core@e1bc0eb02e22bc0c236e1471c11d96a368764b72
      '@vue/compiler-dom': https://pkg.pr.new/vuejs/core/@vue/compiler-dom@e1bc0eb02e22bc0c236e1471c11d96a368764b72
      '@vue/compiler-ssr': https://pkg.pr.new/vuejs/core/@vue/compiler-ssr@e1bc0eb02e22bc0c236e1471c11d96a368764b72
      '@vue/shared': https://pkg.pr.new/vuejs/core/@vue/shared@e1bc0eb02e22bc0c236e1471c11d96a368764b72
      estree-walker: 2.0.2
      magic-string: 0.30.21
      postcss: 8.5.6
      source-map-js: 1.2.1

  '@vue/compiler-ssr@https://pkg.pr.new/vuejs/core/@vue/compiler-ssr@e1bc0eb02e22bc0c236e1471c11d96a368764b72':
    dependencies:
      '@vue/compiler-dom': https://pkg.pr.new/vuejs/core/@vue/compiler-dom@e1bc0eb02e22bc0c236e1471c11d96a368764b72
      '@vue/shared': https://pkg.pr.new/vuejs/core/@vue/shared@e1bc0eb02e22bc0c236e1471c11d96a368764b72

  '@vue/reactivity@https://pkg.pr.new/vuejs/core/@vue/reactivity@e1bc0eb02e22bc0c236e1471c11d96a368764b72':
    dependencies:
      '@vue/shared': https://pkg.pr.new/vuejs/core/@vue/shared@e1bc0eb02e22bc0c236e1471c11d96a368764b72

  '@vue/runtime-core@https://pkg.pr.new/vuejs/core/@vue/runtime-core@e1bc0eb02e22bc0c236e1471c11d96a368764b72':
    dependencies:
      '@vue/reactivity': https://pkg.pr.new/vuejs/core/@vue/reactivity@e1bc0eb02e22bc0c236e1471c11d96a368764b72
      '@vue/shared': https://pkg.pr.new/vuejs/core/@vue/shared@e1bc0eb02e22bc0c236e1471c11d96a368764b72

  '@vue/runtime-dom@https://pkg.pr.new/vuejs/core/@vue/runtime-dom@e1bc0eb02e22bc0c236e1471c11d96a368764b72':
    dependencies:
      '@vue/reactivity': https://pkg.pr.new/vuejs/core/@vue/reactivity@e1bc0eb02e22bc0c236e1471c11d96a368764b72
      '@vue/runtime-core': https://pkg.pr.new/vuejs/core/@vue/runtime-core@e1bc0eb02e22bc0c236e1471c11d96a368764b72
      '@vue/shared': https://pkg.pr.new/vuejs/core/@vue/shared@e1bc0eb02e22bc0c236e1471c11d96a368764b72
      csstype: 3.2.3

  '@vue/server-renderer@https://pkg.pr.new/vuejs/core/@vue/server-renderer@e1bc0eb02e22bc0c236e1471c11d96a368764b72(vue@https://pkg.pr.new/vue@e1bc0eb02e22bc0c236e1471c11d96a368764b72(typescript@5.9.3))':
    dependencies:
      '@vue/compiler-ssr': https://pkg.pr.new/vuejs/core/@vue/compiler-ssr@e1bc0eb02e22bc0c236e1471c11d96a368764b72
      '@vue/shared': https://pkg.pr.new/vuejs/core/@vue/shared@e1bc0eb02e22bc0c236e1471c11d96a368764b72
      vue: https://pkg.pr.new/vue@e1bc0eb02e22bc0c236e1471c11d96a368764b72(typescript@5.9.3)

  '@vue/shared@https://pkg.pr.new/vuejs/core/@vue/shared@e1bc0eb02e22bc0c236e1471c11d96a368764b72': {}

  csstype@3.2.3: {}

  entities@4.5.0: {}

  estree-walker@2.0.2: {}

  magic-string@0.30.21:
    dependencies:
      '@jridgewell/sourcemap-codec': 1.5.5

  nanoid@3.3.11: {}

  picocolors@1.1.1: {}

  postcss@8.5.6:
    dependencies:
      nanoid: 3.3.11
      picocolors: 1.1.1
      source-map-js: 1.2.1

  source-map-js@1.2.1: {}

  typescript@5.9.3: {}

  vue-component-type-helpers@3.2.1: {}

  vue@https://pkg.pr.new/vue@e1bc0eb02e22bc0c236e1471c11d96a368764b72(typescript@5.9.3):
    dependencies:
      '@vue/compiler-dom': https://pkg.pr.new/vuejs/core/@vue/compiler-dom@e1bc0eb02e22bc0c236e1471c11d96a368764b72
      '@vue/compiler-sfc': https://pkg.pr.new/vuejs/core/@vue/compiler-sfc@e1bc0eb02e22bc0c236e1471c11d96a368764b72
      '@vue/runtime-dom': https://pkg.pr.new/vuejs/core/@vue/runtime-dom@e1bc0eb02e22bc0c236e1471c11d96a368764b72
      '@vue/server-renderer': https://pkg.pr.new/vuejs/core/@vue/server-renderer@e1bc0eb02e22bc0c236e1471c11d96a368764b72(vue@https://pkg.pr.new/vue@e1bc0eb02e22bc0c236e1471c11d96a368764b72(typescript@5.9.3))
      '@vue/shared': https://pkg.pr.new/vuejs/core/@vue/shared@e1bc0eb02e22bc0c236e1471c11d96a368764b72
    optionalDependencies:
      typescript: 5.9.3
